
Microsoft Visual Studio Solution File, Format Version 12.00
# Visual Studio Version 17
VisualStudioVersion = 17.1.32407.343
MinimumVisualStudioVersion = 10.0.40219.1
Project("{FAE04EC0-301F-11D3-BF4B-00C04F79EFBC}") = "Lab5(CSharp)", "Lab5(CSharp)\Lab5(CSharp).csproj", "{045B44E7-CC3D-47DD-A836-FCB61B3E7E0C}"
EndProject
Global
	GlobalSection(SolutionConfigurationPlatforms) = preSolution
		Debug|Any CPU = Debug|Any CPU
		Release|Any CPU = Release|Any CPU
	EndGlobalSection
	GlobalSection(ProjectConfigurationPlatforms) = postSolution
		{045B44E7-CC3D-47DD-A836-FCB61B3E7E0C}.Debug|Any CPU.ActiveCfg = Debug|Any CPU
		{045B44E7-CC3D-47DD-A836-FCB61B3E7E0C}.Debug|Any CPU.Build.0 = Debug|Any CPU
		{045B44E7-CC3D-47DD-A836-FCB61B3E7E0C}.Release|Any CPU.ActiveCfg = Release|Any CPU
		{045B44E7-CC3D-47DD-A836-FCB61B3E7E0C}.Release|Any CPU.Build.0 = Release|Any CPU
	EndGlobalSection
	GlobalSection(SolutionProperties) = preSolution
		HideSolutionNode = FALSE
	EndGlobalSection
	GlobalSection(ExtensibilityGlobals) = postSolution
		SolutionGuid = {CF8CA395-7A21-4888-882C-1B5EE187ECF5}
	EndGlobalSection
EndGlobal
