
Microsoft Visual Studio Solution File, Format Version 12.00
# Visual Studio Version 16
VisualStudioVersion = 16.0.31729.503
MinimumVisualStudioVersion = 10.0.40219.1
Project("{FAE04EC0-301F-11D3-BF4B-00C04F79EFBC}") = "Lab3(CSharp)", "Lab3(CSharp)\Lab3(CSharp).csproj", "{657001F1-8033-4458-BE28-27C522D6B40D}"
EndProject
Global
	GlobalSection(SolutionConfigurationPlatforms) = preSolution
		Debug|Any CPU = Debug|Any CPU
		Release|Any CPU = Release|Any CPU
	EndGlobalSection
	GlobalSection(ProjectConfigurationPlatforms) = postSolution
		{657001F1-8033-4458-BE28-27C522D6B40D}.Debug|Any CPU.ActiveCfg = Debug|Any CPU
		{657001F1-8033-4458-BE28-27C522D6B40D}.Debug|Any CPU.Build.0 = Debug|Any CPU
		{657001F1-8033-4458-BE28-27C522D6B40D}.Release|Any CPU.ActiveCfg = Release|Any CPU
		{657001F1-8033-4458-BE28-27C522D6B40D}.Release|Any CPU.Build.0 = Release|Any CPU
	EndGlobalSection
	GlobalSection(SolutionProperties) = preSolution
		HideSolutionNode = FALSE
	EndGlobalSection
	GlobalSection(ExtensibilityGlobals) = postSolution
		SolutionGuid = {C40B1907-57F3-4B22-A707-B4B7F8334E26}
	EndGlobalSection
EndGlobal
