
Microsoft Visual Studio Solution File, Format Version 12.00
# Visual Studio Version 17
VisualStudioVersion = 17.4.33103.184
MinimumVisualStudioVersion = 10.0.40219.1
Project("{9A19103F-16F7-4668-BE54-9A1E7A4F7556}") = "Lab1", "Lab1\Lab1.csproj", "{B5A5B85C-AA48-41AC-A1BC-74529F94968A}"
EndProject
Project("{9A19103F-16F7-4668-BE54-9A1E7A4F7556}") = "DataStructureGeneralization", "DataStructureGeneralization\DataStructureGeneralization.csproj", "{C272C618-3619-420B-8D69-06AD691B0E4B}"
EndProject
Project("{9A19103F-16F7-4668-BE54-9A1E7A4F7556}") = "Lab2", "Lab2\Lab2.csproj", "{9589E208-79F4-47C8-AB55-47B50C702F39}"
EndProject
Global
	GlobalSection(SolutionConfigurationPlatforms) = preSolution
		Debug|Any CPU = Debug|Any CPU
		Release|Any CPU = Release|Any CPU
	EndGlobalSection
	GlobalSection(ProjectConfigurationPlatforms) = postSolution
		{B5A5B85C-AA48-41AC-A1BC-74529F94968A}.Debug|Any CPU.ActiveCfg = Debug|Any CPU
		{B5A5B85C-AA48-41AC-A1BC-74529F94968A}.Debug|Any CPU.Build.0 = Debug|Any CPU
		{B5A5B85C-AA48-41AC-A1BC-74529F94968A}.Release|Any CPU.ActiveCfg = Release|Any CPU
		{B5A5B85C-AA48-41AC-A1BC-74529F94968A}.Release|Any CPU.Build.0 = Release|Any CPU
		{C272C618-3619-420B-8D69-06AD691B0E4B}.Debug|Any CPU.ActiveCfg = Debug|Any CPU
		{C272C618-3619-420B-8D69-06AD691B0E4B}.Debug|Any CPU.Build.0 = Debug|Any CPU
		{C272C618-3619-420B-8D69-06AD691B0E4B}.Release|Any CPU.ActiveCfg = Release|Any CPU
		{C272C618-3619-420B-8D69-06AD691B0E4B}.Release|Any CPU.Build.0 = Release|Any CPU
		{9589E208-79F4-47C8-AB55-47B50C702F39}.Debug|Any CPU.ActiveCfg = Debug|Any CPU
		{9589E208-79F4-47C8-AB55-47B50C702F39}.Debug|Any CPU.Build.0 = Debug|Any CPU
		{9589E208-79F4-47C8-AB55-47B50C702F39}.Release|Any CPU.ActiveCfg = Release|Any CPU
		{9589E208-79F4-47C8-AB55-47B50C702F39}.Release|Any CPU.Build.0 = Release|Any CPU
	EndGlobalSection
	GlobalSection(SolutionProperties) = preSolution
		HideSolutionNode = FALSE
	EndGlobalSection
	GlobalSection(ExtensibilityGlobals) = postSolution
		SolutionGuid = {F71681BA-75E5-413B-9FCE-D87B57CEC798}
	EndGlobalSection
EndGlobal
